// !$*UTF8*$!
{
	archiveVersion = 1;
	classes = {
	};
	objectVersion = 50;
	objects = {

/* Begin PBXBuildFile section */
		9A70787728B53FF2006F5DB5 /* CollectionViewCell.swift in Sources */ = {isa = PBXBuildFile; fileRef = 9A70787628B53FF2006F5DB5 /* CollectionViewCell.swift */; };
		CE4051DE28AF94050052EEAD /* AppDelegate.swift in Sources */ = {isa = PBXBuildFile; fileRef = CE4051DD28AF94050052EEAD /* AppDelegate.swift */; };
		CE4051E028AF94050052EEAD /* SceneDelegate.swift in Sources */ = {isa = PBXBuildFile; fileRef = CE4051DF28AF94050052EEAD /* SceneDelegate.swift */; };
		CE4051E228AF94050052EEAD /* MainScreenViewController.swift in Sources */ = {isa = PBXBuildFile; fileRef = CE4051E128AF94050052EEAD /* MainScreenViewController.swift */; };
		CE4051E528AF94050052EEAD /* Main.storyboard in Resources */ = {isa = PBXBuildFile; fileRef = CE4051E328AF94050052EEAD /* Main.storyboard */; };
		CE4051E828AF94050052EEAD /* Training_Diary.xcdatamodeld in Sources */ = {isa = PBXBuildFile; fileRef = CE4051E628AF94050052EEAD /* Training_Diary.xcdatamodeld */; };
		CE4051ED28AF94070052EEAD /* LaunchScreen.storyboard in Resources */ = {isa = PBXBuildFile; fileRef = CE4051EB28AF94070052EEAD /* LaunchScreen.storyboard */; };
		CE40520A28AF9CE50052EEAD /* UsefulVC.swift in Sources */ = {isa = PBXBuildFile; fileRef = CE40520928AF9CE50052EEAD /* UsefulVC.swift */; };
		CE40520D28AF9CF50052EEAD /* SettingsVC.swift in Sources */ = {isa = PBXBuildFile; fileRef = CE40520C28AF9CF50052EEAD /* SettingsVC.swift */; };
		CE40520F28AF9D080052EEAD /* ProgrammsVC.swift in Sources */ = {isa = PBXBuildFile; fileRef = CE40520E28AF9D080052EEAD /* ProgrammsVC.swift */; };
		CE40521328AF9DF10052EEAD /* MainTabBarController.swift in Sources */ = {isa = PBXBuildFile; fileRef = CE40521228AF9DF10052EEAD /* MainTabBarController.swift */; };
		CE40521B28AFA3C60052EEAD /* ProgrammsScreen.storyboard in Resources */ = {isa = PBXBuildFile; fileRef = CE40521A28AFA3C60052EEAD /* ProgrammsScreen.storyboard */; };
		CE40521E28AFA4210052EEAD /* UsefulScreen.storyboard in Resources */ = {isa = PBXBuildFile; fileRef = CE40521D28AFA4210052EEAD /* UsefulScreen.storyboard */; };
		CE40522328AFA45B0052EEAD /* SettingsScreen.storyboard in Resources */ = {isa = PBXBuildFile; fileRef = CE40522228AFA45B0052EEAD /* SettingsScreen.storyboard */; };
		CE6A283328B392C200B5C3BD /* UIViewExtensions.swift in Sources */ = {isa = PBXBuildFile; fileRef = CE6A283228B392C200B5C3BD /* UIViewExtensions.swift */; };
		CE6A283928B39CB200B5C3BD /* ForCollectionViewImage.swift in Sources */ = {isa = PBXBuildFile; fileRef = CE6A283828B39CB200B5C3BD /* ForCollectionViewImage.swift */; };
		CE8A484428B4E6BE00341176 /* UsefulTableView.swift in Sources */ = {isa = PBXBuildFile; fileRef = CE8A484328B4E6BE00341176 /* UsefulTableView.swift */; };
		CE8A484828B4E81700341176 /* ForUsefulTableViewCell.swift in Sources */ = {isa = PBXBuildFile; fileRef = CE8A484728B4E81700341176 /* ForUsefulTableViewCell.swift */; };
		CE8C2FF628B4A96700A1AA3E /* CollectionViewTitles.swift in Sources */ = {isa = PBXBuildFile; fileRef = CE8C2FF528B4A96700A1AA3E /* CollectionViewTitles.swift */; };
		CEB6185B28B5016700EB7FAD /* Assets.xcassets in Resources */ = {isa = PBXBuildFile; fileRef = CEB6185A28B5016700EB7FAD /* Assets.xcassets */; };
		E8CA2C9344C3EBA526FF5B64 /* Pods_Training_Diary.framework in Frameworks */ = {isa = PBXBuildFile; fileRef = 7F59E7BC7F3A44652C91AF14 /* Pods_Training_Diary.framework */; };
/* End PBXBuildFile section */

/* Begin PBXFileReference section */
		7F59E7BC7F3A44652C91AF14 /* Pods_Training_Diary.framework */ = {isa = PBXFileReference; explicitFileType = wrapper.framework; includeInIndex = 0; path = Pods_Training_Diary.framework; sourceTree = BUILT_PRODUCTS_DIR; };
		8EBC3501A9A7A723C270DDCB /* Pods-Training Diary.debug.xcconfig */ = {isa = PBXFileReference; includeInIndex = 1; lastKnownFileType = text.xcconfig; name = "Pods-Training Diary.debug.xcconfig"; path = "Target Support Files/Pods-Training Diary/Pods-Training Diary.debug.xcconfig"; sourceTree = "<group>"; };
		9A70787628B53FF2006F5DB5 /* CollectionViewCell.swift */ = {isa = PBXFileReference; lastKnownFileType = sourcecode.swift; path = CollectionViewCell.swift; sourceTree = "<group>"; };
		BF5D1EE0CBB7993E2291F3F4 /* Pods-Training Diary.release.xcconfig */ = {isa = PBXFileReference; includeInIndex = 1; lastKnownFileType = text.xcconfig; name = "Pods-Training Diary.release.xcconfig"; path = "Target Support Files/Pods-Training Diary/Pods-Training Diary.release.xcconfig"; sourceTree = "<group>"; };
		CE4051DA28AF94050052EEAD /* Training Diary.app */ = {isa = PBXFileReference; explicitFileType = wrapper.application; includeInIndex = 0; path = "Training Diary.app"; sourceTree = BUILT_PRODUCTS_DIR; };
		CE4051DD28AF94050052EEAD /* AppDelegate.swift */ = {isa = PBXFileReference; lastKnownFileType = sourcecode.swift; path = AppDelegate.swift; sourceTree = "<group>"; };
		CE4051DF28AF94050052EEAD /* SceneDelegate.swift */ = {isa = PBXFileReference; lastKnownFileType = sourcecode.swift; path = SceneDelegate.swift; sourceTree = "<group>"; };
		CE4051E128AF94050052EEAD /* MainScreenViewController.swift */ = {isa = PBXFileReference; lastKnownFileType = sourcecode.swift; path = MainScreenViewController.swift; sourceTree = "<group>"; };
		CE4051E428AF94050052EEAD /* Base */ = {isa = PBXFileReference; lastKnownFileType = file.storyboard; name = Base; path = Base.lproj/Main.storyboard; sourceTree = "<group>"; };
		CE4051E728AF94050052EEAD /* Training_Diary.xcdatamodel */ = {isa = PBXFileReference; lastKnownFileType = wrapper.xcdatamodel; path = Training_Diary.xcdatamodel; sourceTree = "<group>"; };
		CE4051EC28AF94070052EEAD /* Base */ = {isa = PBXFileReference; lastKnownFileType = file.storyboard; name = Base; path = Base.lproj/LaunchScreen.storyboard; sourceTree = "<group>"; };
		CE4051EE28AF94070052EEAD /* Info.plist */ = {isa = PBXFileReference; lastKnownFileType = text.plist.xml; path = Info.plist; sourceTree = "<group>"; };
		CE40520928AF9CE50052EEAD /* UsefulVC.swift */ = {isa = PBXFileReference; lastKnownFileType = sourcecode.swift; path = UsefulVC.swift; sourceTree = "<group>"; };
		CE40520C28AF9CF50052EEAD /* SettingsVC.swift */ = {isa = PBXFileReference; lastKnownFileType = sourcecode.swift; path = SettingsVC.swift; sourceTree = "<group>"; };
		CE40520E28AF9D080052EEAD /* ProgrammsVC.swift */ = {isa = PBXFileReference; lastKnownFileType = sourcecode.swift; path = ProgrammsVC.swift; sourceTree = "<group>"; };
		CE40521228AF9DF10052EEAD /* MainTabBarController.swift */ = {isa = PBXFileReference; lastKnownFileType = sourcecode.swift; path = MainTabBarController.swift; sourceTree = "<group>"; };
		CE40521A28AFA3C60052EEAD /* ProgrammsScreen.storyboard */ = {isa = PBXFileReference; lastKnownFileType = file.storyboard; path = ProgrammsScreen.storyboard; sourceTree = "<group>"; };
		CE40521D28AFA4210052EEAD /* UsefulScreen.storyboard */ = {isa = PBXFileReference; lastKnownFileType = file.storyboard; path = UsefulScreen.storyboard; sourceTree = "<group>"; };
		CE40522228AFA45B0052EEAD /* SettingsScreen.storyboard */ = {isa = PBXFileReference; lastKnownFileType = file.storyboard; path = SettingsScreen.storyboard; sourceTree = "<group>"; };
		CE6A283228B392C200B5C3BD /* UIViewExtensions.swift */ = {isa = PBXFileReference; lastKnownFileType = sourcecode.swift; path = UIViewExtensions.swift; sourceTree = "<group>"; };
		CE6A283828B39CB200B5C3BD /* ForCollectionViewImage.swift */ = {isa = PBXFileReference; lastKnownFileType = sourcecode.swift; path = ForCollectionViewImage.swift; sourceTree = "<group>"; };
		CE8A484328B4E6BE00341176 /* UsefulTableView.swift */ = {isa = PBXFileReference; lastKnownFileType = sourcecode.swift; path = UsefulTableView.swift; sourceTree = "<group>"; };
		CE8A484728B4E81700341176 /* ForUsefulTableViewCell.swift */ = {isa = PBXFileReference; lastKnownFileType = sourcecode.swift; path = ForUsefulTableViewCell.swift; sourceTree = "<group>"; };
		CE8C2FF528B4A96700A1AA3E /* CollectionViewTitles.swift */ = {isa = PBXFileReference; lastKnownFileType = sourcecode.swift; path = CollectionViewTitles.swift; sourceTree = "<group>"; };
		CEB6185A28B5016700EB7FAD /* Assets.xcassets */ = {isa = PBXFileReference; lastKnownFileType = folder.assetcatalog; name = Assets.xcassets; path = "../../../../../Library/Mobile Documents/com~apple~CloudDocs/.Trash/Assets.xcassets"; sourceTree = "<group>"; };
/* End PBXFileReference section */

/* Begin PBXFrameworksBuildPhase section */
		CE4051D728AF94050052EEAD /* Frameworks */ = {
			isa = PBXFrameworksBuildPhase;
			buildActionMask = 2147483647;
			files = (
				E8CA2C9344C3EBA526FF5B64 /* Pods_Training_Diary.framework in Frameworks */,
			);
			runOnlyForDeploymentPostprocessing = 0;
		};
/* End PBXFrameworksBuildPhase section */

/* Begin PBXGroup section */
		042B7C4130D867F160C82371 /* Frameworks */ = {
			isa = PBXGroup;
			children = (
				7F59E7BC7F3A44652C91AF14 /* Pods_Training_Diary.framework */,
			);
			name = Frameworks;
			sourceTree = "<group>";
		};
		80E87232189CC05BA1E91C79 /* Pods */ = {
			isa = PBXGroup;
			children = (
				8EBC3501A9A7A723C270DDCB /* Pods-Training Diary.debug.xcconfig */,
				BF5D1EE0CBB7993E2291F3F4 /* Pods-Training Diary.release.xcconfig */,
			);
			path = Pods;
			sourceTree = "<group>";
		};
		CE3099E728B742840094BFF6 /* UsefulTableView */ = {
			isa = PBXGroup;
			children = (
			);
			path = UsefulTableView;
			sourceTree = "<group>";
		};
		CE4051D128AF94050052EEAD = {
			isa = PBXGroup;
			children = (
				CE4051DC28AF94050052EEAD /* Training Diary */,
				CE4051DB28AF94050052EEAD /* Products */,
				80E87232189CC05BA1E91C79 /* Pods */,
				042B7C4130D867F160C82371 /* Frameworks */,
			);
			sourceTree = "<group>";
		};
		CE4051DB28AF94050052EEAD /* Products */ = {
			isa = PBXGroup;
			children = (
				CE4051DA28AF94050052EEAD /* Training Diary.app */,
			);
			name = Products;
			sourceTree = "<group>";
		};
		CE4051DC28AF94050052EEAD /* Training Diary */ = {
			isa = PBXGroup;
			children = (
				CE6A283728B39C9400B5C3BD /* Models */,
				CE4051F628AF949D0052EEAD /* Application */,
				CE4051FE28AF95FB0052EEAD /* Controllers */,
				CE4051F728AF94CA0052EEAD /* Core Data */,
				CE4051FA28AF954F0052EEAD /* Resources */,
				CE40521828AF9EEE0052EEAD /* Storyboards */,
				CE4051FB28AF95880052EEAD /* Utils */,
				CE40521728AF9ED70052EEAD /* ViewModels */,
				CE4051EE28AF94070052EEAD /* Info.plist */,
			);
			path = "Training Diary";
			sourceTree = "<group>";
		};
		CE4051F528AF94930052EEAD /* Main Screen */ = {
			isa = PBXGroup;
			children = (
				CE4051E128AF94050052EEAD /* MainScreenViewController.swift */,
			);
			path = "Main Screen";
			sourceTree = "<group>";
		};
		CE4051F628AF949D0052EEAD /* Application */ = {
			isa = PBXGroup;
			children = (
				CE4051DD28AF94050052EEAD /* AppDelegate.swift */,
				CE4051DF28AF94050052EEAD /* SceneDelegate.swift */,
			);
			path = Application;
			sourceTree = "<group>";
		};
		CE4051F728AF94CA0052EEAD /* Core Data */ = {
			isa = PBXGroup;
			children = (
				CE4051E628AF94050052EEAD /* Training_Diary.xcdatamodeld */,
			);
			path = "Core Data";
			sourceTree = "<group>";
		};
		CE4051FA28AF954F0052EEAD /* Resources */ = {
			isa = PBXGroup;
			children = (
				CEB6185A28B5016700EB7FAD /* Assets.xcassets */,
			);
			path = Resources;
			sourceTree = "<group>";
		};
		CE4051FB28AF95880052EEAD /* Utils */ = {
			isa = PBXGroup;
			children = (
				CE4051FD28AF95DE0052EEAD /* Extensions */,
				CE4051FC28AF95BF0052EEAD /* Constants */,
			);
			path = Utils;
			sourceTree = "<group>";
		};
		CE4051FC28AF95BF0052EEAD /* Constants */ = {
			isa = PBXGroup;
			children = (
			);
			path = Constants;
			sourceTree = "<group>";
		};
		CE4051FD28AF95DE0052EEAD /* Extensions */ = {
			isa = PBXGroup;
			children = (
				CE6A283228B392C200B5C3BD /* UIViewExtensions.swift */,
			);
			path = Extensions;
			sourceTree = "<group>";
		};
		CE4051FE28AF95FB0052EEAD /* Controllers */ = {
			isa = PBXGroup;
			children = (
				CE40521128AF9DB00052EEAD /* Tab Bar */,
			);
			path = Controllers;
			sourceTree = "<group>";
		};
		CE40520628AF9C4A0052EEAD /* Programms */ = {
			isa = PBXGroup;
			children = (
				CE40520E28AF9D080052EEAD /* ProgrammsVC.swift */,
			);
			path = Programms;
			sourceTree = "<group>";
		};
		CE40520728AF9C8E0052EEAD /* Settings */ = {
			isa = PBXGroup;
			children = (
				CE40520C28AF9CF50052EEAD /* SettingsVC.swift */,
			);
			path = Settings;
			sourceTree = "<group>";
		};
		CE40520828AF9CB90052EEAD /* Useful */ = {
			isa = PBXGroup;
			children = (
				CE40520928AF9CE50052EEAD /* UsefulVC.swift */,
			);
			path = Useful;
			sourceTree = "<group>";
		};
		CE40521128AF9DB00052EEAD /* Tab Bar */ = {
			isa = PBXGroup;
			children = (
				CE40521228AF9DF10052EEAD /* MainTabBarController.swift */,
				CE4051F528AF94930052EEAD /* Main Screen */,
				CE40520628AF9C4A0052EEAD /* Programms */,
				CE40520728AF9C8E0052EEAD /* Settings */,
				CE40520828AF9CB90052EEAD /* Useful */,
			);
			path = "Tab Bar";
			sourceTree = "<group>";
		};
		CE40521728AF9ED70052EEAD /* ViewModels */ = {
			isa = PBXGroup;
			children = (
				CE8A483828B4DC0E00341176 /* Useful TableView */,
				CE8A483728B4DC0500341176 /* CollectionView */,
			);
			path = ViewModels;
			sourceTree = "<group>";
		};
		CE40521828AF9EEE0052EEAD /* Storyboards */ = {
			isa = PBXGroup;
			children = (
				CE4051E328AF94050052EEAD /* Main.storyboard */,
				CE40521A28AFA3C60052EEAD /* ProgrammsScreen.storyboard */,
				CE40521D28AFA4210052EEAD /* UsefulScreen.storyboard */,
				CE40522228AFA45B0052EEAD /* SettingsScreen.storyboard */,
				CE4051EB28AF94070052EEAD /* LaunchScreen.storyboard */,
			);
			path = Storyboards;
			sourceTree = "<group>";
		};
		CE6A283728B39C9400B5C3BD /* Models */ = {
			isa = PBXGroup;
			children = (
				CE3099E728B742840094BFF6 /* UsefulTableView */,
				CE8C2FF828B4C2EB00A1AA3E /* CollectionViewCell */,
				CE6A283C28B39CBC00B5C3BD /* Enums */,
			);
			path = Models;
			sourceTree = "<group>";
		};
		CE6A283C28B39CBC00B5C3BD /* Enums */ = {
			isa = PBXGroup;
			children = (
				CE6A283828B39CB200B5C3BD /* ForCollectionViewImage.swift */,
				CE8A484728B4E81700341176 /* ForUsefulTableViewCell.swift */,
			);
			path = Enums;
			sourceTree = "<group>";
		};
		CE8A483728B4DC0500341176 /* CollectionView */ = {
			isa = PBXGroup;
			children = (
				CE8C2FF528B4A96700A1AA3E /* CollectionViewTitles.swift */,
			);
			path = CollectionView;
			sourceTree = "<group>";
		};
		CE8A483828B4DC0E00341176 /* Useful TableView */ = {
			isa = PBXGroup;
			children = (
				CE8A484328B4E6BE00341176 /* UsefulTableView.swift */,
			);
			path = "Useful TableView";
			sourceTree = "<group>";
		};
		CE8C2FF828B4C2EB00A1AA3E /* CollectionViewCell */ = {
			isa = PBXGroup;
			children = (
				9A70787628B53FF2006F5DB5 /* CollectionViewCell.swift */,
			);
			path = CollectionViewCell;
			sourceTree = "<group>";
		};
/* End PBXGroup section */

/* Begin PBXNativeTarget section */
		CE4051D928AF94050052EEAD /* Training Diary */ = {
			isa = PBXNativeTarget;
			buildConfigurationList = CE4051F128AF94070052EEAD /* Build configuration list for PBXNativeTarget "Training Diary" */;
			buildPhases = (
				90A43D31F060A93E1EBE34D3 /* [CP] Check Pods Manifest.lock */,
				CE4051D628AF94050052EEAD /* Sources */,
				CE4051D728AF94050052EEAD /* Frameworks */,
				CE4051D828AF94050052EEAD /* Resources */,
				CE40520228AF96E50052EEAD /* ShellScript */,
			);
			buildRules = (
			);
			dependencies = (
			);
			name = "Training Diary";
			productName = "Training Diary";
			productReference = CE4051DA28AF94050052EEAD /* Training Diary.app */;
			productType = "com.apple.product-type.application";
		};
/* End PBXNativeTarget section */

/* Begin PBXProject section */
		CE4051D228AF94050052EEAD /* Project object */ = {
			isa = PBXProject;
			attributes = {
				LastSwiftUpdateCheck = 1240;
				LastUpgradeCheck = 1240;
				TargetAttributes = {
					CE4051D928AF94050052EEAD = {
						CreatedOnToolsVersion = 12.4;
					};
				};
			};
			buildConfigurationList = CE4051D528AF94050052EEAD /* Build configuration list for PBXProject "Training Diary" */;
			compatibilityVersion = "Xcode 9.3";
			developmentRegion = en;
			hasScannedForEncodings = 0;
			knownRegions = (
				en,
				Base,
			);
			mainGroup = CE4051D128AF94050052EEAD;
			productRefGroup = CE4051DB28AF94050052EEAD /* Products */;
			projectDirPath = "";
			projectRoot = "";
			targets = (
				CE4051D928AF94050052EEAD /* Training Diary */,
			);
		};
/* End PBXProject section */

/* Begin PBXResourcesBuildPhase section */
		CE4051D828AF94050052EEAD /* Resources */ = {
			isa = PBXResourcesBuildPhase;
			buildActionMask = 2147483647;
			files = (
				CE4051ED28AF94070052EEAD /* LaunchScreen.storyboard in Resources */,
				CE40522328AFA45B0052EEAD /* SettingsScreen.storyboard in Resources */,
				CE40521B28AFA3C60052EEAD /* ProgrammsScreen.storyboard in Resources */,
				CE4051E528AF94050052EEAD /* Main.storyboard in Resources */,
				CEB6185B28B5016700EB7FAD /* Assets.xcassets in Resources */,
				CE40521E28AFA4210052EEAD /* UsefulScreen.storyboard in Resources */,
			);
			runOnlyForDeploymentPostprocessing = 0;
		};
/* End PBXResourcesBuildPhase section */

/* Begin PBXShellScriptBuildPhase section */
		90A43D31F060A93E1EBE34D3 /* [CP] Check Pods Manifest.lock */ = {
			isa = PBXShellScriptBuildPhase;
			buildActionMask = 2147483647;
			files = (
			);
			inputFileListPaths = (
			);
			inputPaths = (
				"${PODS_PODFILE_DIR_PATH}/Podfile.lock",
				"${PODS_ROOT}/Manifest.lock",
			);
			name = "[CP] Check Pods Manifest.lock";
			outputFileListPaths = (
			);
			outputPaths = (
				"$(DERIVED_FILE_DIR)/Pods-Training Diary-checkManifestLockResult.txt",
			);
			runOnlyForDeploymentPostprocessing = 0;
			shellPath = /bin/sh;
			shellScript = "diff \"${PODS_PODFILE_DIR_PATH}/Podfile.lock\" \"${PODS_ROOT}/Manifest.lock\" > /dev/null\nif [ $? != 0 ] ; then\n    # print error to STDERR\n    echo \"error: The sandbox is not in sync with the Podfile.lock. Run 'pod install' or update your CocoaPods installation.\" >&2\n    exit 1\nfi\n# This output is used by Xcode 'outputs' to avoid re-running this script phase.\necho \"SUCCESS\" > \"${SCRIPT_OUTPUT_FILE_0}\"\n";
			showEnvVarsInLog = 0;
		};
		CE40520228AF96E50052EEAD /* ShellScript */ = {
			isa = PBXShellScriptBuildPhase;
			buildActionMask = 2147483647;
			files = (
			);
			inputFileListPaths = (
			);
			inputPaths = (
			);
			outputFileListPaths = (
			);
			outputPaths = (
			);
			runOnlyForDeploymentPostprocessing = 0;
			shellPath = /bin/sh;
			shellScript = "\"${PODS_ROOT}/SwiftLint/swiftlint\"\n";
		};
/* End PBXShellScriptBuildPhase section */

/* Begin PBXSourcesBuildPhase section */
		CE4051D628AF94050052EEAD /* Sources */ = {
			isa = PBXSourcesBuildPhase;
			buildActionMask = 2147483647;
			files = (
				CE4051E228AF94050052EEAD /* MainScreenViewController.swift in Sources */,
				CE8A484428B4E6BE00341176 /* UsefulTableView.swift in Sources */,
				CE40520F28AF9D080052EEAD /* ProgrammsVC.swift in Sources */,
				CE40521328AF9DF10052EEAD /* MainTabBarController.swift in Sources */,
				CE4051DE28AF94050052EEAD /* AppDelegate.swift in Sources */,
				CE4051E028AF94050052EEAD /* SceneDelegate.swift in Sources */,
				CE4051E828AF94050052EEAD /* Training_Diary.xcdatamodeld in Sources */,
				CE40520A28AF9CE50052EEAD /* UsefulVC.swift in Sources */,
				CE6A283328B392C200B5C3BD /* UIViewExtensions.swift in Sources */,
				CE8A484828B4E81700341176 /* ForUsefulTableViewCell.swift in Sources */,
				9A70787728B53FF2006F5DB5 /* CollectionViewCell.swift in Sources */,
				CE6A283928B39CB200B5C3BD /* ForCollectionViewImage.swift in Sources */,
				CE8C2FF628B4A96700A1AA3E /* CollectionViewTitles.swift in Sources */,
				CE40520D28AF9CF50052EEAD /* SettingsVC.swift in Sources */,
			);
			runOnlyForDeploymentPostprocessing = 0;
		};
/* End PBXSourcesBuildPhase section */

/* Begin PBXVariantGroup section */
		CE4051E328AF94050052EEAD /* Main.storyboard */ = {
			isa = PBXVariantGroup;
			children = (
				CE4051E428AF94050052EEAD /* Base */,
			);
			name = Main.storyboard;
			sourceTree = "<group>";
		};
		CE4051EB28AF94070052EEAD /* LaunchScreen.storyboard */ = {
			isa = PBXVariantGroup;
			children = (
				CE4051EC28AF94070052EEAD /* Base */,
			);
			name = LaunchScreen.storyboard;
			sourceTree = "<group>";
		};
/* End PBXVariantGroup section */

/* Begin XCBuildConfiguration section */
		CE4051EF28AF94070052EEAD /* Debug */ = {
			isa = XCBuildConfiguration;
			buildSettings = {
				ALWAYS_SEARCH_USER_PATHS = NO;
				CLANG_ANALYZER_NONNULL = YES;
				CLANG_ANALYZER_NUMBER_OBJECT_CONVERSION = YES_AGGRESSIVE;
				CLANG_CXX_LANGUAGE_STANDARD = "gnu++14";
				CLANG_CXX_LIBRARY = "libc++";
				CLANG_ENABLE_MODULES = YES;
				CLANG_ENABLE_OBJC_ARC = YES;
				CLANG_ENABLE_OBJC_WEAK = YES;
				CLANG_WARN_BLOCK_CAPTURE_AUTORELEASING = YES;
				CLANG_WARN_BOOL_CONVERSION = YES;
				CLANG_WARN_COMMA = YES;
				CLANG_WARN_CONSTANT_CONVERSION = YES;
				CLANG_WARN_DEPRECATED_OBJC_IMPLEMENTATIONS = YES;
				CLANG_WARN_DIRECT_OBJC_ISA_USAGE = YES_ERROR;
				CLANG_WARN_DOCUMENTATION_COMMENTS = YES;
				CLANG_WARN_EMPTY_BODY = YES;
				CLANG_WARN_ENUM_CONVERSION = YES;
				CLANG_WARN_INFINITE_RECURSION = YES;
				CLANG_WARN_INT_CONVERSION = YES;
				CLANG_WARN_NON_LITERAL_NULL_CONVERSION = YES;
				CLANG_WARN_OBJC_IMPLICIT_RETAIN_SELF = YES;
				CLANG_WARN_OBJC_LITERAL_CONVERSION = YES;
				CLANG_WARN_OBJC_ROOT_CLASS = YES_ERROR;
				CLANG_WARN_QUOTED_INCLUDE_IN_FRAMEWORK_HEADER = YES;
				CLANG_WARN_RANGE_LOOP_ANALYSIS = YES;
				CLANG_WARN_STRICT_PROTOTYPES = YES;
				CLANG_WARN_SUSPICIOUS_MOVE = YES;
				CLANG_WARN_UNGUARDED_AVAILABILITY = YES_AGGRESSIVE;
				CLANG_WARN_UNREACHABLE_CODE = YES;
				CLANG_WARN__DUPLICATE_METHOD_MATCH = YES;
				COPY_PHASE_STRIP = NO;
				DEBUG_INFORMATION_FORMAT = dwarf;
				ENABLE_STRICT_OBJC_MSGSEND = YES;
				ENABLE_TESTABILITY = YES;
				GCC_C_LANGUAGE_STANDARD = gnu11;
				GCC_DYNAMIC_NO_PIC = NO;
				GCC_NO_COMMON_BLOCKS = YES;
				GCC_OPTIMIZATION_LEVEL = 0;
				GCC_PREPROCESSOR_DEFINITIONS = (
					"DEBUG=1",
					"$(inherited)",
				);
				GCC_WARN_64_TO_32_BIT_CONVERSION = YES;
				GCC_WARN_ABOUT_RETURN_TYPE = YES_ERROR;
				GCC_WARN_UNDECLARED_SELECTOR = YES;
				GCC_WARN_UNINITIALIZED_AUTOS = YES_AGGRESSIVE;
				GCC_WARN_UNUSED_FUNCTION = YES;
				GCC_WARN_UNUSED_VARIABLE = YES;
				IPHONEOS_DEPLOYMENT_TARGET = 14.4;
				MTL_ENABLE_DEBUG_INFO = INCLUDE_SOURCE;
				MTL_FAST_MATH = YES;
				ONLY_ACTIVE_ARCH = YES;
				SDKROOT = iphoneos;
				SWIFT_ACTIVE_COMPILATION_CONDITIONS = DEBUG;
				SWIFT_OPTIMIZATION_LEVEL = "-Onone";
			};
			name = Debug;
		};
		CE4051F028AF94070052EEAD /* Release */ = {
			isa = XCBuildConfiguration;
			buildSettings = {
				ALWAYS_SEARCH_USER_PATHS = NO;
				CLANG_ANALYZER_NONNULL = YES;
				CLANG_ANALYZER_NUMBER_OBJECT_CONVERSION = YES_AGGRESSIVE;
				CLANG_CXX_LANGUAGE_STANDARD = "gnu++14";
				CLANG_CXX_LIBRARY = "libc++";
				CLANG_ENABLE_MODULES = YES;
				CLANG_ENABLE_OBJC_ARC = YES;
				CLANG_ENABLE_OBJC_WEAK = YES;
				CLANG_WARN_BLOCK_CAPTURE_AUTORELEASING = YES;
				CLANG_WARN_BOOL_CONVERSION = YES;
				CLANG_WARN_COMMA = YES;
				CLANG_WARN_CONSTANT_CONVERSION = YES;
				CLANG_WARN_DEPRECATED_OBJC_IMPLEMENTATIONS = YES;
				CLANG_WARN_DIRECT_OBJC_ISA_USAGE = YES_ERROR;
				CLANG_WARN_DOCUMENTATION_COMMENTS = YES;
				CLANG_WARN_EMPTY_BODY = YES;
				CLANG_WARN_ENUM_CONVERSION = YES;
				CLANG_WARN_INFINITE_RECURSION = YES;
				CLANG_WARN_INT_CONVERSION = YES;
				CLANG_WARN_NON_LITERAL_NULL_CONVERSION = YES;
				CLANG_WARN_OBJC_IMPLICIT_RETAIN_SELF = YES;
				CLANG_WARN_OBJC_LITERAL_CONVERSION = YES;
				CLANG_WARN_OBJC_ROOT_CLASS = YES_ERROR;
				CLANG_WARN_QUOTED_INCLUDE_IN_FRAMEWORK_HEADER = YES;
				CLANG_WARN_RANGE_LOOP_ANALYSIS = YES;
				CLANG_WARN_STRICT_PROTOTYPES = YES;
				CLANG_WARN_SUSPICIOUS_MOVE = YES;
				CLANG_WARN_UNGUARDED_AVAILABILITY = YES_AGGRESSIVE;
				CLANG_WARN_UNREACHABLE_CODE = YES;
				CLANG_WARN__DUPLICATE_METHOD_MATCH = YES;
				COPY_PHASE_STRIP = NO;
				DEBUG_INFORMATION_FORMAT = "dwarf-with-dsym";
				ENABLE_NS_ASSERTIONS = NO;
				ENABLE_STRICT_OBJC_MSGSEND = YES;
				GCC_C_LANGUAGE_STANDARD = gnu11;
				GCC_NO_COMMON_BLOCKS = YES;
				GCC_WARN_64_TO_32_BIT_CONVERSION = YES;
				GCC_WARN_ABOUT_RETURN_TYPE = YES_ERROR;
				GCC_WARN_UNDECLARED_SELECTOR = YES;
				GCC_WARN_UNINITIALIZED_AUTOS = YES_AGGRESSIVE;
				GCC_WARN_UNUSED_FUNCTION = YES;
				GCC_WARN_UNUSED_VARIABLE = YES;
				IPHONEOS_DEPLOYMENT_TARGET = 14.4;
				MTL_ENABLE_DEBUG_INFO = NO;
				MTL_FAST_MATH = YES;
				SDKROOT = iphoneos;
				SWIFT_COMPILATION_MODE = wholemodule;
				SWIFT_OPTIMIZATION_LEVEL = "-O";
				VALIDATE_PRODUCT = YES;
			};
			name = Release;
		};
		CE4051F228AF94070052EEAD /* Debug */ = {
			isa = XCBuildConfiguration;
			baseConfigurationReference = 8EBC3501A9A7A723C270DDCB /* Pods-Training Diary.debug.xcconfig */;
			buildSettings = {
				ASSETCATALOG_COMPILER_APPICON_NAME = AppIcon;
				ASSETCATALOG_COMPILER_GLOBAL_ACCENT_COLOR_NAME = AccentColor;
				CODE_SIGN_STYLE = Automatic;
				DEVELOPMENT_TEAM = 3PGR742T86;
				INFOPLIST_FILE = "Training Diary/Info.plist";
				LD_RUNPATH_SEARCH_PATHS = (
					"$(inherited)",
					"@executable_path/Frameworks",
				);
				PRODUCT_BUNDLE_IDENTIFIER = "-.Training-Diary";
				PRODUCT_NAME = "$(TARGET_NAME)";
				SWIFT_VERSION = 5.0;
				TARGETED_DEVICE_FAMILY = "1,2";
			};
			name = Debug;
		};
		CE4051F328AF94070052EEAD /* Release */ = {
			isa = XCBuildConfiguration;
			baseConfigurationReference = BF5D1EE0CBB7993E2291F3F4 /* Pods-Training Diary.release.xcconfig */;
			buildSettings = {
				ASSETCATALOG_COMPILER_APPICON_NAME = AppIcon;
				ASSETCATALOG_COMPILER_GLOBAL_ACCENT_COLOR_NAME = AccentColor;
				CODE_SIGN_STYLE = Automatic;
				DEVELOPMENT_TEAM = 3PGR742T86;
				INFOPLIST_FILE = "Training Diary/Info.plist";
				LD_RUNPATH_SEARCH_PATHS = (
					"$(inherited)",
					"@executable_path/Frameworks",
				);
				PRODUCT_BUNDLE_IDENTIFIER = "-.Training-Diary";
				PRODUCT_NAME = "$(TARGET_NAME)";
				SWIFT_VERSION = 5.0;
				TARGETED_DEVICE_FAMILY = "1,2";
			};
			name = Release;
		};
/* End XCBuildConfiguration section */

/* Begin XCConfigurationList section */
		CE4051D528AF94050052EEAD /* Build configuration list for PBXProject "Training Diary" */ = {
			isa = XCConfigurationList;
			buildConfigurations = (
				CE4051EF28AF94070052EEAD /* Debug */,
				CE4051F028AF94070052EEAD /* Release */,
			);
			defaultConfigurationIsVisible = 0;
			defaultConfigurationName = Release;
		};
		CE4051F128AF94070052EEAD /* Build configuration list for PBXNativeTarget "Training Diary" */ = {
			isa = XCConfigurationList;
			buildConfigurations = (
				CE4051F228AF94070052EEAD /* Debug */,
				CE4051F328AF94070052EEAD /* Release */,
			);
			defaultConfigurationIsVisible = 0;
			defaultConfigurationName = Release;
		};
/* End XCConfigurationList section */

/* Begin XCVersionGroup section */
		CE4051E628AF94050052EEAD /* Training_Diary.xcdatamodeld */ = {
			isa = XCVersionGroup;
			children = (
				CE4051E728AF94050052EEAD /* Training_Diary.xcdatamodel */,
			);
			currentVersion = CE4051E728AF94050052EEAD /* Training_Diary.xcdatamodel */;
			path = Training_Diary.xcdatamodeld;
			sourceTree = "<group>";
			versionGroupType = wrapper.xcdatamodel;
		};
/* End XCVersionGroup section */
	};
	rootObject = CE4051D228AF94050052EEAD /* Project object */;
}
